# THIS IS AN AUTOGENERATED FILE. DO NOT EDIT THIS FILE DIRECTLY.
# yarn lockfile v1


"@bazel/bazel-darwin_x64@2.0.0":
  version "2.0.0"
  resolved "https://registry.yarnpkg.com/@bazel/bazel-darwin_x64/-/bazel-darwin_x64-2.0.0.tgz#bd678069216dd470c6816a22c405f21e7f048038"
  integrity sha512-I/pP+B+2xfY0g+OEpEcVnk8rizuC761pAzBOQjP3b+gz3AzeRgm05CpcSY7tfPIppMSYoy3uTZJ1XlwgUg7IQQ==

"@bazel/bazel-linux_x64@2.0.0":
  version "2.0.0"
  resolved "https://registry.yarnpkg.com/@bazel/bazel-linux_x64/-/bazel-linux_x64-2.0.0.tgz#2c76e3301e9178a90ec3ad00649e89b953eda0b7"
  integrity sha512-iOr45G+511IbP7e+ISriG97WpfCAVXekTrTgL5mGg3NDBFCVNs350VquHAvmlXAoP5+IEug2pCOlkdEl4bLl8g==

"@bazel/bazel-win32_x64@2.0.0":
  version "2.0.0"
  resolved "https://registry.yarnpkg.com/@bazel/bazel-win32_x64/-/bazel-win32_x64-2.0.0.tgz#f12ac0738d2eac0fd255f099776194807cedfe50"
  integrity sha512-5qs2qoa/paG/YYEM0yvrwuJIShoPVK2FX+Oz9jEWAQJsmU4drHA9Aq+gbBOirEFLmvYhleZ9XORCwu/5uAo8vA==

"@bazel/bazel@^2.0.0":
  version "2.0.0"
  resolved "https://registry.yarnpkg.com/@bazel/bazel/-/bazel-2.0.0.tgz#feb8cf5a40ea6437ef69cac2a92072118b11c230"
  integrity sha512-KQbv5dHNSfutbhXCc3KVMuBXPpUh6Af/hT9IRIaMTuiB6Nq2gEW9Z3aNqncopdZqV848V/qYxnqPnQ+S37fMyQ==
  dependencies:
    "@bazel/hide-bazel-files" latest
  optionalDependencies:
    "@bazel/bazel-darwin_x64" "2.0.0"
    "@bazel/bazel-linux_x64" "2.0.0"
    "@bazel/bazel-win32_x64" "2.0.0"

"@bazel/hide-bazel-files@latest":
  version "0.42.3"
  resolved "https://registry.yarnpkg.com/@bazel/hide-bazel-files/-/hide-bazel-files-0.42.3.tgz#967e24b8fdc7ce96d1dbc43557ec6457ccf6d0cd"
  integrity sha512-gov5u61OhcCThgVVQGTZPJasPHQPTSvOsTZyVRU6tp/cria+6k4KXTb/1UO0FkZdB5wL/jEQUlh3HMtvQMsdkQ==

commander@^2.17.1:
  version "2.20.3"
  resolved "https://registry.yarnpkg.com/commander/-/commander-2.20.3.tgz#fd485e84c03eb4881c20722ba48035e8531aeb33"
  integrity sha512-GpVkmM8vF2vQUkj2LvZmD35JxeJOLCwJ9cUkugyk2nuhbv3+mJvpLYYt+0+USMxE+oj+ey/lJEnhZw75x/OMcQ==

lorem-ipsum@^2.0.3:
  version "2.0.3"
  resolved "https://registry.yarnpkg.com/lorem-ipsum/-/lorem-ipsum-2.0.3.tgz#9f1fa634780c9f58a349d4e091c3ba74f733164e"
  integrity sha512-CX2r84DMWjW/DWiuzicTI9aRaJPAw2cvAGMJYZh/nx12OkTGqloj8y8FU0S8ZkKwOdqhfxEA6Ly8CW2P6Yxjwg==
  dependencies:
    commander "^2.17.1"
